
Microsoft Visual Studio Solution File, Format Version 12.00
# Visual Studio Version 16
VisualStudioVersion = 16.0.29230.47
MinimumVisualStudioVersion = 10.0.40219.1
Project("{FAE04EC0-301F-11D3-BF4B-00C04F79EFBC}") = "ActivitiesTaskList", "ActivitiesTaskList\ActivitiesTaskList.csproj", "{C5207431-44D7-4548-8361-700877D36063}"
EndProject
Global
	GlobalSection(SolutionConfigurationPlatforms) = preSolution
		Debug|Any CPU = Debug|Any CPU
		Release|Any CPU = Release|Any CPU
	EndGlobalSection
	GlobalSection(ProjectConfigurationPlatforms) = postSolution
		{C5207431-44D7-4548-8361-700877D36063}.Debug|Any CPU.ActiveCfg = Debug|Any CPU
		{C5207431-44D7-4548-8361-700877D36063}.Debug|Any CPU.Build.0 = Debug|Any CPU
		{C5207431-44D7-4548-8361-700877D36063}.Release|Any CPU.ActiveCfg = Release|Any CPU
		{C5207431-44D7-4548-8361-700877D36063}.Release|Any CPU.Build.0 = Release|Any CPU
	EndGlobalSection
	GlobalSection(SolutionProperties) = preSolution
		HideSolutionNode = FALSE
	EndGlobalSection
	GlobalSection(ExtensibilityGlobals) = postSolution
		SolutionGuid = {316327AF-E564-415C-BF67-95476399FFB4}
	EndGlobalSection
EndGlobal
